// !$*UTF8*$!
{
	archiveVersion = 1;
	classes = {
	};
	objectVersion = 46;
	objects = {

/* Begin PBXBuildFile section */
		185C58561BAC69BE00A4D81B /* OpenGL.framework in Frameworks */ = {isa = PBXBuildFile; fileRef = 185C58551BAC69BE00A4D81B /* OpenGL.framework */; };
		185C58581BAC6A1500A4D81B /* libglfw.3.1.dylib in Frameworks */ = {isa = PBXBuildFile; fileRef = 185C58571BAC6A1500A4D81B /* libglfw.3.1.dylib */; };
		185C58621BAD5AC700A4D81B /* shader.vsh in CopyFiles */ = {isa = PBXBuildFile; fileRef = 185C585D1BAC972B00A4D81B /* shader.vsh */; };
		185C58631BAD5AC700A4D81B /* shader.fsh in CopyFiles */ = {isa = PBXBuildFile; fileRef = 185C585E1BAC973700A4D81B /* shader.fsh */; };
		185C58661BAD674D00A4D81B /* IMesh.cpp in Sources */ = {isa = PBXBuildFile; fileRef = 185C58641BAD674D00A4D81B /* IMesh.cpp */; };
		18978E991BB2E30600EC3F78 /* main.cpp in Sources */ = {isa = PBXBuildFile; fileRef = 18978E981BB2E30600EC3F78 /* main.cpp */; };
		18978EA11BB2F87F00EC3F78 /* UFO.png in CopyFiles */ = {isa = PBXBuildFile; fileRef = 1885B2501BB2682400D2E847 /* UFO.png */; };
		18978EA21BB2F87F00EC3F78 /* gun.png in CopyFiles */ = {isa = PBXBuildFile; fileRef = 1885B24F1BB128E700D2E847 /* gun.png */; };
		18978EA31BB2F87F00EC3F78 /* start.png in CopyFiles */ = {isa = PBXBuildFile; fileRef = 1885B24E1BB122AE00D2E847 /* start.png */; };
		18978EA41BB2F87F00EC3F78 /* ship.png in CopyFiles */ = {isa = PBXBuildFile; fileRef = 1885B24A1BB0887F00D2E847 /* ship.png */; };
		18978EA51BB2F87F00EC3F78 /* ship3.png in CopyFiles */ = {isa = PBXBuildFile; fileRef = 18978E9A1BB2F84400EC3F78 /* ship3.png */; };
		18978EA61BB2F87F00EC3F78 /* space.png in CopyFiles */ = {isa = PBXBuildFile; fileRef = 1885B2491BB07B3A00D2E847 /* space.png */; };
		18978EA71BB2F87F00EC3F78 /* fire1.png in CopyFiles */ = {isa = PBXBuildFile; fileRef = 18978E9B1BB2F87100EC3F78 /* fire1.png */; };
		18978EA81BB2F87F00EC3F78 /* fire2.png in CopyFiles */ = {isa = PBXBuildFile; fileRef = 18978E9C1BB2F87100EC3F78 /* fire2.png */; };
		18978EA91BB2F87F00EC3F78 /* gas1.png in CopyFiles */ = {isa = PBXBuildFile; fileRef = 18978E9D1BB2F87100EC3F78 /* gas1.png */; };
		18978EAA1BB2F87F00EC3F78 /* planet1.png in CopyFiles */ = {isa = PBXBuildFile; fileRef = 18978E9E1BB2F87100EC3F78 /* planet1.png */; };
		18978EAB1BB2F87F00EC3F78 /* planet2.png in CopyFiles */ = {isa = PBXBuildFile; fileRef = 18978E9F1BB2F87100EC3F78 /* planet2.png */; };
		18978EAC1BB2F87F00EC3F78 /* ship2.png in CopyFiles */ = {isa = PBXBuildFile; fileRef = 18978EA01BB2F87100EC3F78 /* ship2.png */; };
/* End PBXBuildFile section */

/* Begin PBXCopyFilesBuildPhase section */
		185C58491BAC698F00A4D81B /* CopyFiles */ = {
			isa = PBXCopyFilesBuildPhase;
			buildActionMask = 12;
			dstPath = usr/share/man/man1;
			dstSubfolderSpec = 16;
			files = (
				18978EA11BB2F87F00EC3F78 /* UFO.png in CopyFiles */,
				18978EA21BB2F87F00EC3F78 /* gun.png in CopyFiles */,
				18978EA31BB2F87F00EC3F78 /* start.png in CopyFiles */,
				18978EA41BB2F87F00EC3F78 /* ship.png in CopyFiles */,
				18978EA51BB2F87F00EC3F78 /* ship3.png in CopyFiles */,
				18978EA61BB2F87F00EC3F78 /* space.png in CopyFiles */,
				18978EA71BB2F87F00EC3F78 /* fire1.png in CopyFiles */,
				18978EA81BB2F87F00EC3F78 /* fire2.png in CopyFiles */,
				18978EA91BB2F87F00EC3F78 /* gas1.png in CopyFiles */,
				18978EAA1BB2F87F00EC3F78 /* planet1.png in CopyFiles */,
				18978EAB1BB2F87F00EC3F78 /* planet2.png in CopyFiles */,
				18978EAC1BB2F87F00EC3F78 /* ship2.png in CopyFiles */,
				185C58621BAD5AC700A4D81B /* shader.vsh in CopyFiles */,
				185C58631BAD5AC700A4D81B /* shader.fsh in CopyFiles */,
			);
			runOnlyForDeploymentPostprocessing = 0;
		};
/* End PBXCopyFilesBuildPhase section */

/* Begin PBXFileReference section */
		185C584B1BAC698F00A4D81B /* IOpenGLTutorial */ = {isa = PBXFileReference; explicitFileType = "compiled.mach-o.executable"; includeInIndex = 0; path = IOpenGLTutorial; sourceTree = BUILT_PRODUCTS_DIR; };
		185C58551BAC69BE00A4D81B /* OpenGL.framework */ = {isa = PBXFileReference; lastKnownFileType = wrapper.framework; name = OpenGL.framework; path = System/Library/Frameworks/OpenGL.framework; sourceTree = SDKROOT; };
		185C58571BAC6A1500A4D81B /* libglfw.3.1.dylib */ = {isa = PBXFileReference; lastKnownFileType = "compiled.mach-o.dylib"; name = libglfw.3.1.dylib; path = ../../../../usr/local/lib/libglfw.3.1.dylib; sourceTree = "<group>"; };
		185C585D1BAC972B00A4D81B /* shader.vsh */ = {isa = PBXFileReference; fileEncoding = 4; lastKnownFileType = sourcecode.glsl; path = shader.vsh; sourceTree = "<group>"; };
		185C585E1BAC973700A4D81B /* shader.fsh */ = {isa = PBXFileReference; fileEncoding = 4; lastKnownFileType = sourcecode.glsl; path = shader.fsh; sourceTree = "<group>"; };
		185C585F1BACB45300A4D81B /* main.h */ = {isa = PBXFileReference; lastKnownFileType = sourcecode.c.h; path = main.h; sourceTree = "<group>"; };
		185C58641BAD674D00A4D81B /* IMesh.cpp */ = {isa = PBXFileReference; fileEncoding = 4; lastKnownFileType = sourcecode.cpp.cpp; path = IMesh.cpp; sourceTree = "<group>"; };
		185C58651BAD674D00A4D81B /* IMesh.h */ = {isa = PBXFileReference; fileEncoding = 4; lastKnownFileType = sourcecode.c.h; path = IMesh.h; sourceTree = "<group>"; };
		1885B2471BAFC00200D2E847 /* stb_image.h */ = {isa = PBXFileReference; fileEncoding = 4; lastKnownFileType = sourcecode.c.h; name = stb_image.h; path = "../../../Downloads/stb-master/stb_image.h"; sourceTree = "<group>"; };
		1885B2491BB07B3A00D2E847 /* space.png */ = {isa = PBXFileReference; lastKnownFileType = image.png; path = space.png; sourceTree = "<group>"; };
		1885B24A1BB0887F00D2E847 /* ship.png */ = {isa = PBXFileReference; lastKnownFileType = image.png; path = ship.png; sourceTree = "<group>"; };
		1885B24E1BB122AE00D2E847 /* start.png */ = {isa = PBXFileReference; lastKnownFileType = image.png; path = start.png; sourceTree = "<group>"; };
		1885B24F1BB128E700D2E847 /* gun.png */ = {isa = PBXFileReference; lastKnownFileType = image.png; path = gun.png; sourceTree = "<group>"; };
		1885B2501BB2682400D2E847 /* UFO.png */ = {isa = PBXFileReference; lastKnownFileType = image.png; path = UFO.png; sourceTree = "<group>"; };
		18978E981BB2E30600EC3F78 /* main.cpp */ = {isa = PBXFileReference; fileEncoding = 4; lastKnownFileType = sourcecode.cpp.cpp; path = main.cpp; sourceTree = "<group>"; };
		18978E9A1BB2F84400EC3F78 /* ship3.png */ = {isa = PBXFileReference; lastKnownFileType = image.png; path = ship3.png; sourceTree = "<group>"; };
		18978E9B1BB2F87100EC3F78 /* fire1.png */ = {isa = PBXFileReference; lastKnownFileType = image.png; path = fire1.png; sourceTree = "<group>"; };
		18978E9C1BB2F87100EC3F78 /* fire2.png */ = {isa = PBXFileReference; lastKnownFileType = image.png; path = fire2.png; sourceTree = "<group>"; };
		18978E9D1BB2F87100EC3F78 /* gas1.png */ = {isa = PBXFileReference; lastKnownFileType = image.png; path = gas1.png; sourceTree = "<group>"; };
		18978E9E1BB2F87100EC3F78 /* planet1.png */ = {isa = PBXFileReference; lastKnownFileType = image.png; path = planet1.png; sourceTree = "<group>"; };
		18978E9F1BB2F87100EC3F78 /* planet2.png */ = {isa = PBXFileReference; lastKnownFileType = image.png; path = planet2.png; sourceTree = "<group>"; };
		18978EA01BB2F87100EC3F78 /* ship2.png */ = {isa = PBXFileReference; lastKnownFileType = image.png; path = ship2.png; sourceTree = "<group>"; };
		18978EAE1BB2FC2300EC3F78 /* Info.plist */ = {isa = PBXFileReference; fileEncoding = 4; lastKnownFileType = text.plist.xml; path = Info.plist; sourceTree = "<group>"; };
/* End PBXFileReference section */

/* Begin PBXFrameworksBuildPhase section */
		185C58481BAC698F00A4D81B /* Frameworks */ = {
			isa = PBXFrameworksBuildPhase;
			buildActionMask = 2147483647;
			files = (
				185C58581BAC6A1500A4D81B /* libglfw.3.1.dylib in Frameworks */,
				185C58561BAC69BE00A4D81B /* OpenGL.framework in Frameworks */,
			);
			runOnlyForDeploymentPostprocessing = 0;
		};
/* End PBXFrameworksBuildPhase section */

/* Begin PBXGroup section */
		185C58421BAC698F00A4D81B = {
			isa = PBXGroup;
			children = (
				185C58571BAC6A1500A4D81B /* libglfw.3.1.dylib */,
				185C58551BAC69BE00A4D81B /* OpenGL.framework */,
				185C584D1BAC698F00A4D81B /* IOpenGLTutorial */,
				185C584C1BAC698F00A4D81B /* Products */,
			);
			sourceTree = "<group>";
		};
		185C584C1BAC698F00A4D81B /* Products */ = {
			isa = PBXGroup;
			children = (
				185C584B1BAC698F00A4D81B /* IOpenGLTutorial */,
			);
			name = Products;
			sourceTree = "<group>";
		};
		185C584D1BAC698F00A4D81B /* IOpenGLTutorial */ = {
			isa = PBXGroup;
			children = (
				18978EAE1BB2FC2300EC3F78 /* Info.plist */,
				18978E981BB2E30600EC3F78 /* main.cpp */,
				185C585F1BACB45300A4D81B /* main.h */,
				185C58641BAD674D00A4D81B /* IMesh.cpp */,
				185C58651BAD674D00A4D81B /* IMesh.h */,
				185C585D1BAC972B00A4D81B /* shader.vsh */,
				185C585E1BAC973700A4D81B /* shader.fsh */,
				1885B2471BAFC00200D2E847 /* stb_image.h */,
				1885B2501BB2682400D2E847 /* UFO.png */,
				1885B24F1BB128E700D2E847 /* gun.png */,
				1885B24E1BB122AE00D2E847 /* start.png */,
				1885B24A1BB0887F00D2E847 /* ship.png */,
				18978E9A1BB2F84400EC3F78 /* ship3.png */,
				1885B2491BB07B3A00D2E847 /* space.png */,
				18978E9B1BB2F87100EC3F78 /* fire1.png */,
				18978E9C1BB2F87100EC3F78 /* fire2.png */,
				18978E9D1BB2F87100EC3F78 /* gas1.png */,
				18978E9E1BB2F87100EC3F78 /* planet1.png */,
				18978E9F1BB2F87100EC3F78 /* planet2.png */,
				18978EA01BB2F87100EC3F78 /* ship2.png */,
			);
			path = IOpenGLTutorial;
			sourceTree = "<group>";
		};
/* End PBXGroup section */

/* Begin PBXNativeTarget section */
		185C584A1BAC698F00A4D81B /* IOpenGLTutorial */ = {
			isa = PBXNativeTarget;
			buildConfigurationList = 185C58521BAC698F00A4D81B /* Build configuration list for PBXNativeTarget "IOpenGLTutorial" */;
			buildPhases = (
				185C58471BAC698F00A4D81B /* Sources */,
				185C58481BAC698F00A4D81B /* Frameworks */,
				185C58491BAC698F00A4D81B /* CopyFiles */,
			);
			buildRules = (
			);
			dependencies = (
			);
			name = IOpenGLTutorial;
			productName = IOpenGLTutorial;
			productReference = 185C584B1BAC698F00A4D81B /* IOpenGLTutorial */;
			productType = "com.apple.product-type.tool";
		};
/* End PBXNativeTarget section */

/* Begin PBXProject section */
		185C58431BAC698F00A4D81B /* Project object */ = {
			isa = PBXProject;
			attributes = {
				LastUpgradeCheck = 0640;
				ORGANIZATIONNAME = "Janis Böhm";
				TargetAttributes = {
					185C584A1BAC698F00A4D81B = {
						CreatedOnToolsVersion = 6.4;
					};
				};
			};
			buildConfigurationList = 185C58461BAC698F00A4D81B /* Build configuration list for PBXProject "IOpenGLTutorial" */;
			compatibilityVersion = "Xcode 3.2";
			developmentRegion = English;
			hasScannedForEncodings = 0;
			knownRegions = (
				en,
			);
			mainGroup = 185C58421BAC698F00A4D81B;
			productRefGroup = 185C584C1BAC698F00A4D81B /* Products */;
			projectDirPath = "";
			projectRoot = "";
			targets = (
				185C584A1BAC698F00A4D81B /* IOpenGLTutorial */,
			);
		};
/* End PBXProject section */

/* Begin PBXSourcesBuildPhase section */
		185C58471BAC698F00A4D81B /* Sources */ = {
			isa = PBXSourcesBuildPhase;
			buildActionMask = 2147483647;
			files = (
				18978E991BB2E30600EC3F78 /* main.cpp in Sources */,
				185C58661BAD674D00A4D81B /* IMesh.cpp in Sources */,
			);
			runOnlyForDeploymentPostprocessing = 0;
		};
/* End PBXSourcesBuildPhase section */

/* Begin XCBuildConfiguration section */
		185C58501BAC698F00A4D81B /* Debug */ = {
			isa = XCBuildConfiguration;
			buildSettings = {
				ALWAYS_SEARCH_USER_PATHS = NO;
				CLANG_CXX_LANGUAGE_STANDARD = "gnu++0x";
				CLANG_CXX_LIBRARY = "libc++";
				CLANG_ENABLE_MODULES = YES;
				CLANG_ENABLE_OBJC_ARC = NO;
				CLANG_WARN_BOOL_CONVERSION = YES;
				CLANG_WARN_CONSTANT_CONVERSION = YES;
				CLANG_WARN_DIRECT_OBJC_ISA_USAGE = YES_ERROR;
				CLANG_WARN_EMPTY_BODY = YES;
				CLANG_WARN_ENUM_CONVERSION = YES;
				CLANG_WARN_INT_CONVERSION = YES;
				CLANG_WARN_OBJC_ROOT_CLASS = YES_ERROR;
				CLANG_WARN_UNREACHABLE_CODE = YES;
				CLANG_WARN__DUPLICATE_METHOD_MATCH = YES;
				COPY_PHASE_STRIP = NO;
				DEBUG_INFORMATION_FORMAT = dwarf;
				ENABLE_STRICT_OBJC_MSGSEND = YES;
				GCC_C_LANGUAGE_STANDARD = gnu99;
				GCC_DYNAMIC_NO_PIC = NO;
				GCC_NO_COMMON_BLOCKS = YES;
				GCC_OPTIMIZATION_LEVEL = 0;
				GCC_PREPROCESSOR_DEFINITIONS = (
					"DEBUG=1",
					"$(inherited)",
				);
				GCC_SYMBOLS_PRIVATE_EXTERN = NO;
				GCC_WARN_64_TO_32_BIT_CONVERSION = YES;
				GCC_WARN_ABOUT_RETURN_TYPE = YES_ERROR;
				GCC_WARN_UNDECLARED_SELECTOR = YES;
				GCC_WARN_UNINITIALIZED_AUTOS = YES_AGGRESSIVE;
				GCC_WARN_UNUSED_FUNCTION = YES;
				GCC_WARN_UNUSED_VARIABLE = YES;
				HEADER_SEARCH_PATHS = (
					"$(inherited)",
					/Applications/Xcode.app/Contents/Developer/Toolchains/XcodeDefault.xctoolchain/usr/include,
					/usr/local/include,
					/usr/include,
				);
				LIBRARY_SEARCH_PATHS = (
					/usr/local/lib,
					/usr/lib,
				);
				MACOSX_DEPLOYMENT_TARGET = 10.10;
				MTL_ENABLE_DEBUG_INFO = YES;
				ONLY_ACTIVE_ARCH = YES;
				SDKROOT = macosx;
			};
			name = Debug;
		};
		185C58511BAC698F00A4D81B /* Release */ = {
			isa = XCBuildConfiguration;
			buildSettings = {
				ALWAYS_SEARCH_USER_PATHS = NO;
				CLANG_CXX_LANGUAGE_STANDARD = "gnu++0x";
				CLANG_CXX_LIBRARY = "libc++";
				CLANG_ENABLE_MODULES = YES;
				CLANG_ENABLE_OBJC_ARC = NO;
				CLANG_WARN_BOOL_CONVERSION = YES;
				CLANG_WARN_CONSTANT_CONVERSION = YES;
				CLANG_WARN_DIRECT_OBJC_ISA_USAGE = YES_ERROR;
				CLANG_WARN_EMPTY_BODY = YES;
				CLANG_WARN_ENUM_CONVERSION = YES;
				CLANG_WARN_INT_CONVERSION = YES;
				CLANG_WARN_OBJC_ROOT_CLASS = YES_ERROR;
				CLANG_WARN_UNREACHABLE_CODE = YES;
				CLANG_WARN__DUPLICATE_METHOD_MATCH = YES;
				COPY_PHASE_STRIP = NO;
				DEBUG_INFORMATION_FORMAT = "dwarf-with-dsym";
				ENABLE_NS_ASSERTIONS = NO;
				ENABLE_STRICT_OBJC_MSGSEND = YES;
				GCC_C_LANGUAGE_STANDARD = gnu99;
				GCC_NO_COMMON_BLOCKS = YES;
				GCC_WARN_64_TO_32_BIT_CONVERSION = YES;
				GCC_WARN_ABOUT_RETURN_TYPE = YES_ERROR;
				GCC_WARN_UNDECLARED_SELECTOR = YES;
				GCC_WARN_UNINITIALIZED_AUTOS = YES_AGGRESSIVE;
				GCC_WARN_UNUSED_FUNCTION = YES;
				GCC_WARN_UNUSED_VARIABLE = YES;
				HEADER_SEARCH_PATHS = (
					"$(inherited)",
					/Applications/Xcode.app/Contents/Developer/Toolchains/XcodeDefault.xctoolchain/usr/include,
					/usr/local/include,
					/usr/include,
				);
				LIBRARY_SEARCH_PATHS = (
					/usr/local/lib,
					/usr/lib,
				);
				MACOSX_DEPLOYMENT_TARGET = 10.10;
				MTL_ENABLE_DEBUG_INFO = NO;
				SDKROOT = macosx;
			};
			name = Release;
		};
		185C58531BAC698F00A4D81B /* Debug */ = {
			isa = XCBuildConfiguration;
			buildSettings = {
				LIBRARY_SEARCH_PATHS = (
					/usr/local/lib/,
					/usr/lib/,
				);
				PRODUCT_NAME = "$(TARGET_NAME)";
			};
			name = Debug;
		};
		185C58541BAC698F00A4D81B /* Release */ = {
			isa = XCBuildConfiguration;
			buildSettings = {
				LIBRARY_SEARCH_PATHS = (
					/usr/local/lib/,
					/usr/lib/,
				);
				PRODUCT_NAME = "$(TARGET_NAME)";
			};
			name = Release;
		};
/* End XCBuildConfiguration section */

/* Begin XCConfigurationList section */
		185C58461BAC698F00A4D81B /* Build configuration list for PBXProject "IOpenGLTutorial" */ = {
			isa = XCConfigurationList;
			buildConfigurations = (
				185C58501BAC698F00A4D81B /* Debug */,
				185C58511BAC698F00A4D81B /* Release */,
			);
			defaultConfigurationIsVisible = 0;
			defaultConfigurationName = Release;
		};
		185C58521BAC698F00A4D81B /* Build configuration list for PBXNativeTarget "IOpenGLTutorial" */ = {
			isa = XCConfigurationList;
			buildConfigurations = (
				185C58531BAC698F00A4D81B /* Debug */,
				185C58541BAC698F00A4D81B /* Release */,
			);
			defaultConfigurationIsVisible = 0;
			defaultConfigurationName = Release;
		};
/* End XCConfigurationList section */
	};
	rootObject = 185C58431BAC698F00A4D81B /* Project object */;
}
